
Microsoft Visual Studio Solution File, Format Version 12.00
# Visual Studio Version 16
VisualStudioVersion = 16.0.32510.428
MinimumVisualStudioVersion = 10.0.40219.1
Project("{FAE04EC0-301F-11D3-BF4B-00C04F79EFBC}") = "Sort Numbers", "Sort Numbers.csproj", "{58593141-3F99-4AE9-B24E-43BE3085C489}"
EndProject
Global
	GlobalSection(SolutionConfigurationPlatforms) = preSolution
		Debug|Any CPU = Debug|Any CPU
		Release|Any CPU = Release|Any CPU
	EndGlobalSection
	GlobalSection(ProjectConfigurationPlatforms) = postSolution
		{58593141-3F99-4AE9-B24E-43BE3085C489}.Debug|Any CPU.ActiveCfg = Debug|Any CPU
		{58593141-3F99-4AE9-B24E-43BE3085C489}.Debug|Any CPU.Build.0 = Debug|Any CPU
		{58593141-3F99-4AE9-B24E-43BE3085C489}.Release|Any CPU.ActiveCfg = Release|Any CPU
		{58593141-3F99-4AE9-B24E-43BE3085C489}.Release|Any CPU.Build.0 = Release|Any CPU
	EndGlobalSection
	GlobalSection(SolutionProperties) = preSolution
		HideSolutionNode = FALSE
	EndGlobalSection
	GlobalSection(ExtensibilityGlobals) = postSolution
		SolutionGuid = {0E23D3A3-EB2E-489C-A5EB-FC17E56C2C0F}
	EndGlobalSection
EndGlobal
